
Microsoft Visual Studio Solution File, Format Version 12.00
# Visual Studio Version 17
VisualStudioVersion = 17.3.32825.248
MinimumVisualStudioVersion = 10.0.40219.1
Project("{9A19103F-16F7-4668-BE54-9A1E7A4F7556}") = "Library", "Bank\Library.csproj", "{DD12F742-AFFC-4D59-BF0E-0D8D9AEA40B1}"
EndProject
Global
	GlobalSection(SolutionConfigurationPlatforms) = preSolution
		Debug|Any CPU = Debug|Any CPU
		Release|Any CPU = Release|Any CPU
	EndGlobalSection
	GlobalSection(ProjectConfigurationPlatforms) = postSolution
		{DD12F742-AFFC-4D59-BF0E-0D8D9AEA40B1}.Debug|Any CPU.ActiveCfg = Debug|Any CPU
		{DD12F742-AFFC-4D59-BF0E-0D8D9AEA40B1}.Debug|Any CPU.Build.0 = Debug|Any CPU
		{DD12F742-AFFC-4D59-BF0E-0D8D9AEA40B1}.Release|Any CPU.ActiveCfg = Release|Any CPU
		{DD12F742-AFFC-4D59-BF0E-0D8D9AEA40B1}.Release|Any CPU.Build.0 = Release|Any CPU
	EndGlobalSection
	GlobalSection(SolutionProperties) = preSolution
		HideSolutionNode = FALSE
	EndGlobalSection
	GlobalSection(ExtensibilityGlobals) = postSolution
		SolutionGuid = {2A54055F-03FC-48AB-96BF-AE2F5014BA6A}
	EndGlobalSection
EndGlobal
